
Microsoft Visual Studio Solution File, Format Version 12.00
# Visual Studio 15
VisualStudioVersion = 15.0.27703.2042
MinimumVisualStudioVersion = 10.0.40219.1
Project("{FAE04EC0-301F-11D3-BF4B-00C04F79EFBC}") = "System_irigation", "System_irigation\System_irigation.csproj", "{7E261B1A-27DF-40B1-B840-BE12D04B1B94}"
EndProject
Global
	GlobalSection(SolutionConfigurationPlatforms) = preSolution
		Debug|Any CPU = Debug|Any CPU
		Release|Any CPU = Release|Any CPU
	EndGlobalSection
	GlobalSection(ProjectConfigurationPlatforms) = postSolution
		{7E261B1A-27DF-40B1-B840-BE12D04B1B94}.Debug|Any CPU.ActiveCfg = Debug|Any CPU
		{7E261B1A-27DF-40B1-B840-BE12D04B1B94}.Debug|Any CPU.Build.0 = Debug|Any CPU
		{7E261B1A-27DF-40B1-B840-BE12D04B1B94}.Release|Any CPU.ActiveCfg = Release|Any CPU
		{7E261B1A-27DF-40B1-B840-BE12D04B1B94}.Release|Any CPU.Build.0 = Release|Any CPU
	EndGlobalSection
	GlobalSection(SolutionProperties) = preSolution
		HideSolutionNode = FALSE
	EndGlobalSection
	GlobalSection(ExtensibilityGlobals) = postSolution
		SolutionGuid = {56930CD7-56EB-44A8-89C9-5CE577F3C1F7}
	EndGlobalSection
EndGlobal
